// !$*UTF8*$!
{
	archiveVersion = 1;
	classes = {
	};
	objectVersion = 46;
	objects = {

/* Begin PBXBuildFile section */
		6026611BF7005CBCCBA49909 /* ESEntitySpec.m in Sources */ = {isa = PBXBuildFile; fileRef = 602665E109AC8CE9FE47191E /* ESEntitySpec.m */; };
		6026631FBF95A838C00D9611 /* ESSystem.h in CopyFiles */ = {isa = PBXBuildFile; fileRef = 6026633037CC88FB18D8F589 /* ESSystem.h */; };
		602663C1E330312CA8A12A1B /* Foundation.framework in Frameworks */ = {isa = PBXBuildFile; fileRef = 602660DC88A48822B365AACC /* Foundation.framework */; };
		602663E20AC390008AA94EEA /* ESSystems.m in Sources */ = {isa = PBXBuildFile; fileRef = 60266272CF6FA2C8D1078D5C /* ESSystems.m */; };
		602663F0630E5E37DF0A9E03 /* ESEntity.h in CopyFiles */ = {isa = PBXBuildFile; fileRef = 60266CFEC85DBE0652DEC43D /* ESEntity.h */; };
		6026640BA8B2DCB7AE73B564 /* ESEntity.m in Sources */ = {isa = PBXBuildFile; fileRef = 6026612B451F8481D098CDEF /* ESEntity.m */; };
		602664582817771B8A1D6BBA /* UIKit.framework in Frameworks */ = {isa = PBXBuildFile; fileRef = 602669907842FE97CDAA2AE2 /* UIKit.framework */; };
		6026646ACA691D1F9B0DDFDB /* SenTestingKit.framework in Frameworks */ = {isa = PBXBuildFile; fileRef = 60266F46E3E5F3490E945A5A /* SenTestingKit.framework */; };
		6026653A34B510A930E2B69F /* ESSystems.m in Sources */ = {isa = PBXBuildFile; fileRef = 60266272CF6FA2C8D1078D5C /* ESSystems.m */; };
		602665EC42AF419AAFE877C8 /* ESComponent.h in CopyFiles */ = {isa = PBXBuildFile; fileRef = 602665223559809BE1026D0A /* ESComponent.h */; };
		6026688500EC722EA8272F77 /* ESSystems.h in CopyFiles */ = {isa = PBXBuildFile; fileRef = 60266A29483978C38551FE07 /* ESSystems.h */; };
		602668A6EA959904A86C5848 /* ESEntity.m in Sources */ = {isa = PBXBuildFile; fileRef = 6026612B451F8481D098CDEF /* ESEntity.m */; };
		60266AB8EB19D41EE6CD5227 /* SomeComponent.m in Sources */ = {isa = PBXBuildFile; fileRef = 60266C94291599832FCB9846 /* SomeComponent.m */; };
		60266B7A28294BD4648903D7 /* Foundation.framework in Frameworks */ = {isa = PBXBuildFile; fileRef = 602660DC88A48822B365AACC /* Foundation.framework */; };
		60266BCAC77A44E44C3FF2D3 /* ESSystemsSpec.m in Sources */ = {isa = PBXBuildFile; fileRef = 60266EB8B37D32F3A1F8FB8D /* ESSystemsSpec.m */; };
		60266FA3AC278C9A8E342CD2 /* InfoPlist.strings in Resources */ = {isa = PBXBuildFile; fileRef = 602666B1B326B33430D2AB89 /* InfoPlist.strings */; };
		85D8512AC523E79FFD7A2531 /* SomeThirdComponent.m in Sources */ = {isa = PBXBuildFile; fileRef = 85D85A40B54895A0164D8768 /* SomeThirdComponent.m */; };
		B06B0140FFD2853D8BF55BBA /* ESCollectionHistorySpec.m in Sources */ = {isa = PBXBuildFile; fileRef = B06B029DD99D7B62F5413BF6 /* ESCollectionHistorySpec.m */; };
		B06B01DF7F0AA1AD1AE763E8 /* ESEntities.m in Sources */ = {isa = PBXBuildFile; fileRef = B06B05414306C58E1034B764 /* ESEntities.m */; };
		B06B026185A32A74264CC44B /* NSNotificationMatcher.m in Sources */ = {isa = PBXBuildFile; fileRef = B06B000845879007114E2DBC /* NSNotificationMatcher.m */; };
		B06B0433B7A950AA7E9EB93E /* SomeOtherComponent.m in Sources */ = {isa = PBXBuildFile; fileRef = B06B0057B68CBD6960BAAD7C /* SomeOtherComponent.m */; };
		B06B0548E606537B6E9332AE /* ESCollection.m in Sources */ = {isa = PBXBuildFile; fileRef = B06B053196DBFCB05D945CB5 /* ESCollection.m */; };
		B06B05511ECA4929A43C60FD /* ESEntitiesSpec.m in Sources */ = {isa = PBXBuildFile; fileRef = B06B09526BD11CEC08FBFC6A /* ESEntitiesSpec.m */; };
		B06B06CD147780CB059993A0 /* ESChangedEntity.m in Sources */ = {isa = PBXBuildFile; fileRef = B06B01CFFB3DF4BEB4F63E87 /* ESChangedEntity.m */; };
		B06B088EEB6026FDC8FC91BB /* ESCollectionSpec.m in Sources */ = {isa = PBXBuildFile; fileRef = B06B064A2A6B69E7224A2B2E /* ESCollectionSpec.m */; };
		B06B091F1F944550AD2CF038 /* ESCollection.m in Sources */ = {isa = PBXBuildFile; fileRef = B06B053196DBFCB05D945CB5 /* ESCollection.m */; };
		B06B094464B7F84EA4571C8C /* ESChangedEntitySpec.m in Sources */ = {isa = PBXBuildFile; fileRef = B06B0C2E82BE7C568D784D50 /* ESChangedEntitySpec.m */; };
		B06B0AC3DA2841842B1C0BFB /* ESCollectionHistory.m in Sources */ = {isa = PBXBuildFile; fileRef = B06B0C9A4A7625D5048FC3A4 /* ESCollectionHistory.m */; };
		B06B0CAE252AEEE73A440336 /* ESChangedEntity.h in CopyFiles */ = {isa = PBXBuildFile; fileRef = B06B080ECACACA0ECA776E96 /* ESChangedEntity.h */; };
		B06B0D3671CB81ABCAED6211 /* ESCollectionHistory.m in Sources */ = {isa = PBXBuildFile; fileRef = B06B0C9A4A7625D5048FC3A4 /* ESCollectionHistory.m */; };
		B06B0D3D28ADB7081DACD905 /* ESEntities.m in Sources */ = {isa = PBXBuildFile; fileRef = B06B05414306C58E1034B764 /* ESEntities.m */; };
		B06B0D72DE9F71CEDA96DF27 /* ESCollection.h in CopyFiles */ = {isa = PBXBuildFile; fileRef = B06B03C052A655C348D441D2 /* ESCollection.h */; };
		B06B0DBE30F4B10526FFEE60 /* ESChangedEntity.m in Sources */ = {isa = PBXBuildFile; fileRef = B06B01CFFB3DF4BEB4F63E87 /* ESChangedEntity.m */; };
		B06B0F953BAE8A8EEBE00C5E /* ESEntities.h in CopyFiles */ = {isa = PBXBuildFile; fileRef = B06B003BC9B7BF20962E1E90 /* ESEntities.h */; };
		B06B0F9DE01A63985932F7B3 /* ESCollectionHistory.h in CopyFiles */ = {isa = PBXBuildFile; fileRef = B06B0B399D530A680C8114A2 /* ESCollectionHistory.h */; };
		EEDBFD4C9F104B31AA479998 /* libPods-EntitasTests.a in Frameworks */ = {isa = PBXBuildFile; fileRef = 38591DBF038641D3B9A8355C /* libPods-EntitasTests.a */; };
/* End PBXBuildFile section */

/* Begin PBXContainerItemProxy section */
		602663160ECB5AAD875EF737 /* PBXContainerItemProxy */ = {
			isa = PBXContainerItemProxy;
			containerPortal = 60266BC062836EDDB6AA1D5B /* Project object */;
			proxyType = 1;
			remoteGlobalIDString = 60266BF5427EFD908271F542;
			remoteInfo = Entitas;
		};
/* End PBXContainerItemProxy section */

/* Begin PBXCopyFilesBuildPhase section */
		602662CFC6743E5974FD40E6 /* CopyFiles */ = {
			isa = PBXCopyFilesBuildPhase;
			buildActionMask = 2147483647;
			dstPath = "include/${PRODUCT_NAME}";
			dstSubfolderSpec = 16;
			files = (
				6026688500EC722EA8272F77 /* ESSystems.h in CopyFiles */,
				6026631FBF95A838C00D9611 /* ESSystem.h in CopyFiles */,
				602663F0630E5E37DF0A9E03 /* ESEntity.h in CopyFiles */,
				602665EC42AF419AAFE877C8 /* ESComponent.h in CopyFiles */,
				B06B0F953BAE8A8EEBE00C5E /* ESEntities.h in CopyFiles */,
				B06B0D72DE9F71CEDA96DF27 /* ESCollection.h in CopyFiles */,
				B06B0CAE252AEEE73A440336 /* ESChangedEntity.h in CopyFiles */,
				B06B0F9DE01A63985932F7B3 /* ESCollectionHistory.h in CopyFiles */,
			);
			runOnlyForDeploymentPostprocessing = 0;
		};
/* End PBXCopyFilesBuildPhase section */

/* Begin PBXFileReference section */
		38591DBF038641D3B9A8355C /* libPods-EntitasTests.a */ = {isa = PBXFileReference; explicitFileType = archive.ar; includeInIndex = 0; name = "libPods-EntitasTests.a"; path = "libPods-EntitasTests.a"; sourceTree = BUILT_PRODUCTS_DIR; };
		602660DC88A48822B365AACC /* Foundation.framework */ = {isa = PBXFileReference; includeInIndex = 1; lastKnownFileType = wrapper.framework; name = Foundation.framework; path = System/Library/Frameworks/Foundation.framework; sourceTree = SDKROOT; };
		6026612B451F8481D098CDEF /* ESEntity.m */ = {isa = PBXFileReference; fileEncoding = 4; lastKnownFileType = sourcecode.c.objc; path = ESEntity.m; sourceTree = "<group>"; };
		602661D19EC1B09C0C7C444C /* EntitasTests-Info.plist */ = {isa = PBXFileReference; lastKnownFileType = text.plist.info; path = "EntitasTests-Info.plist"; sourceTree = "<group>"; };
		60266272CF6FA2C8D1078D5C /* ESSystems.m */ = {isa = PBXFileReference; fileEncoding = 4; lastKnownFileType = sourcecode.c.objc; path = ESSystems.m; sourceTree = "<group>"; };
		6026633037CC88FB18D8F589 /* ESSystem.h */ = {isa = PBXFileReference; fileEncoding = 4; lastKnownFileType = sourcecode.c.h; path = ESSystem.h; sourceTree = "<group>"; };
		602664F5ECFD7036D547B890 /* SomeComponent.h */ = {isa = PBXFileReference; fileEncoding = 4; lastKnownFileType = sourcecode.c.h; path = SomeComponent.h; sourceTree = "<group>"; };
		602665223559809BE1026D0A /* ESComponent.h */ = {isa = PBXFileReference; fileEncoding = 4; lastKnownFileType = sourcecode.c.h; path = ESComponent.h; sourceTree = "<group>"; };
		602665E109AC8CE9FE47191E /* ESEntitySpec.m */ = {isa = PBXFileReference; fileEncoding = 4; lastKnownFileType = sourcecode.c.objc; path = ESEntitySpec.m; sourceTree = "<group>"; };
		602666AFD5B81735B7375037 /* Entitas-Prefix.pch */ = {isa = PBXFileReference; lastKnownFileType = sourcecode.c.h; path = "Entitas-Prefix.pch"; sourceTree = "<group>"; };
		6026678E2FE43938233FC26B /* libEntitas.a */ = {isa = PBXFileReference; explicitFileType = archive.ar; includeInIndex = 0; name = libEntitas.a; path = libEntitas.a; sourceTree = BUILT_PRODUCTS_DIR; };
		602669907842FE97CDAA2AE2 /* UIKit.framework */ = {isa = PBXFileReference; includeInIndex = 1; lastKnownFileType = wrapper.framework; name = UIKit.framework; path = System/Library/Frameworks/UIKit.framework; sourceTree = SDKROOT; };
		60266A29483978C38551FE07 /* ESSystems.h */ = {isa = PBXFileReference; fileEncoding = 4; lastKnownFileType = sourcecode.c.h; path = ESSystems.h; sourceTree = "<group>"; };
		60266A672BFD024861B3540E /* EntitasTests.octest */ = {isa = PBXFileReference; explicitFileType = wrapper.cfbundle; includeInIndex = 0; name = EntitasTests.octest; path = EntitasTests.octest; sourceTree = BUILT_PRODUCTS_DIR; };
		60266C94291599832FCB9846 /* SomeComponent.m */ = {isa = PBXFileReference; fileEncoding = 4; lastKnownFileType = sourcecode.c.objc; path = SomeComponent.m; sourceTree = "<group>"; };
		60266CFEC85DBE0652DEC43D /* ESEntity.h */ = {isa = PBXFileReference; fileEncoding = 4; lastKnownFileType = sourcecode.c.h; path = ESEntity.h; sourceTree = "<group>"; };
		60266DB5B510EE20C17FA196 /* en */ = {isa = PBXFileReference; lastKnownFileType = text.plist.strings; name = en; path = en.lproj/InfoPlist.strings; sourceTree = "<group>"; };
		60266EB8B37D32F3A1F8FB8D /* ESSystemsSpec.m */ = {isa = PBXFileReference; fileEncoding = 4; lastKnownFileType = sourcecode.c.objc; path = ESSystemsSpec.m; sourceTree = "<group>"; };
		60266F46E3E5F3490E945A5A /* SenTestingKit.framework */ = {isa = PBXFileReference; includeInIndex = 1; lastKnownFileType = wrapper.framework; name = SenTestingKit.framework; path = Library/Frameworks/SenTestingKit.framework; sourceTree = DEVELOPER_DIR; };
		7232792ED17C4E54A8F0B196 /* Pods-EntitasTests.xcconfig */ = {isa = PBXFileReference; includeInIndex = 1; lastKnownFileType = text.xcconfig; name = "Pods-EntitasTests.xcconfig"; path = "Pods/Pods-EntitasTests.xcconfig"; sourceTree = SOURCE_ROOT; };
		85D852E1D2575CD7B4FC77D5 /* SomeThirdComponent.h */ = {isa = PBXFileReference; fileEncoding = 4; lastKnownFileType = sourcecode.c.h; path = SomeThirdComponent.h; sourceTree = "<group>"; };
		85D85A40B54895A0164D8768 /* SomeThirdComponent.m */ = {isa = PBXFileReference; fileEncoding = 4; lastKnownFileType = sourcecode.c.objc; path = SomeThirdComponent.m; sourceTree = "<group>"; };
		B06B000845879007114E2DBC /* NSNotificationMatcher.m */ = {isa = PBXFileReference; fileEncoding = 4; lastKnownFileType = sourcecode.c.objc; path = NSNotificationMatcher.m; sourceTree = "<group>"; };
		B06B003BC9B7BF20962E1E90 /* ESEntities.h */ = {isa = PBXFileReference; fileEncoding = 4; lastKnownFileType = sourcecode.c.h; path = ESEntities.h; sourceTree = "<group>"; };
		B06B0057B68CBD6960BAAD7C /* SomeOtherComponent.m */ = {isa = PBXFileReference; fileEncoding = 4; lastKnownFileType = sourcecode.c.objc; path = SomeOtherComponent.m; sourceTree = "<group>"; };
		B06B01CFFB3DF4BEB4F63E87 /* ESChangedEntity.m */ = {isa = PBXFileReference; fileEncoding = 4; lastKnownFileType = sourcecode.c.objc; path = ESChangedEntity.m; sourceTree = "<group>"; };
		B06B01E58C73C158BF02110B /* SomeOtherComponent.h */ = {isa = PBXFileReference; fileEncoding = 4; lastKnownFileType = sourcecode.c.h; path = SomeOtherComponent.h; sourceTree = "<group>"; };
		B06B029DD99D7B62F5413BF6 /* ESCollectionHistorySpec.m */ = {isa = PBXFileReference; fileEncoding = 4; lastKnownFileType = sourcecode.c.objc; path = ESCollectionHistorySpec.m; sourceTree = "<group>"; };
		B06B03C052A655C348D441D2 /* ESCollection.h */ = {isa = PBXFileReference; fileEncoding = 4; lastKnownFileType = sourcecode.c.h; path = ESCollection.h; sourceTree = "<group>"; };
		B06B053196DBFCB05D945CB5 /* ESCollection.m */ = {isa = PBXFileReference; fileEncoding = 4; lastKnownFileType = sourcecode.c.objc; path = ESCollection.m; sourceTree = "<group>"; };
		B06B05414306C58E1034B764 /* ESEntities.m */ = {isa = PBXFileReference; fileEncoding = 4; lastKnownFileType = sourcecode.c.objc; path = ESEntities.m; sourceTree = "<group>"; };
		B06B064A2A6B69E7224A2B2E /* ESCollectionSpec.m */ = {isa = PBXFileReference; fileEncoding = 4; lastKnownFileType = sourcecode.c.objc; path = ESCollectionSpec.m; sourceTree = "<group>"; };
		B06B080ECACACA0ECA776E96 /* ESChangedEntity.h */ = {isa = PBXFileReference; fileEncoding = 4; lastKnownFileType = sourcecode.c.h; path = ESChangedEntity.h; sourceTree = "<group>"; };
		B06B09526BD11CEC08FBFC6A /* ESEntitiesSpec.m */ = {isa = PBXFileReference; fileEncoding = 4; lastKnownFileType = sourcecode.c.objc; path = ESEntitiesSpec.m; sourceTree = "<group>"; };
		B06B0B399D530A680C8114A2 /* ESCollectionHistory.h */ = {isa = PBXFileReference; fileEncoding = 4; lastKnownFileType = sourcecode.c.h; path = ESCollectionHistory.h; sourceTree = "<group>"; };
		B06B0C2E82BE7C568D784D50 /* ESChangedEntitySpec.m */ = {isa = PBXFileReference; fileEncoding = 4; lastKnownFileType = sourcecode.c.objc; path = ESChangedEntitySpec.m; sourceTree = "<group>"; };
		B06B0C9A4A7625D5048FC3A4 /* ESCollectionHistory.m */ = {isa = PBXFileReference; fileEncoding = 4; lastKnownFileType = sourcecode.c.objc; path = ESCollectionHistory.m; sourceTree = "<group>"; };
		B06B0E92E5F80B6330526B3D /* NSNotificationMatcher.h */ = {isa = PBXFileReference; fileEncoding = 4; lastKnownFileType = sourcecode.c.h; path = NSNotificationMatcher.h; sourceTree = "<group>"; };
/* End PBXFileReference section */

/* Begin PBXFrameworksBuildPhase section */
		6026623FA0C60DAFFD489D40 /* Frameworks */ = {
			isa = PBXFrameworksBuildPhase;
			buildActionMask = 2147483647;
			files = (
				6026646ACA691D1F9B0DDFDB /* SenTestingKit.framework in Frameworks */,
				602664582817771B8A1D6BBA /* UIKit.framework in Frameworks */,
				60266B7A28294BD4648903D7 /* Foundation.framework in Frameworks */,
				EEDBFD4C9F104B31AA479998 /* libPods-EntitasTests.a in Frameworks */,
			);
			runOnlyForDeploymentPostprocessing = 0;
		};
		602669F9871A180677F5AC83 /* Frameworks */ = {
			isa = PBXFrameworksBuildPhase;
			buildActionMask = 2147483647;
			files = (
				602663C1E330312CA8A12A1B /* Foundation.framework in Frameworks */,
			);
			runOnlyForDeploymentPostprocessing = 0;
		};
/* End PBXFrameworksBuildPhase section */

/* Begin PBXGroup section */
		60266352126736875957001E /* Supporting Files */ = {
			isa = PBXGroup;
			children = (
				602661D19EC1B09C0C7C444C /* EntitasTests-Info.plist */,
				602666B1B326B33430D2AB89 /* InfoPlist.strings */,
				60266C94291599832FCB9846 /* SomeComponent.m */,
				602664F5ECFD7036D547B890 /* SomeComponent.h */,
				B06B0057B68CBD6960BAAD7C /* SomeOtherComponent.m */,
				B06B01E58C73C158BF02110B /* SomeOtherComponent.h */,
				85D85A40B54895A0164D8768 /* SomeThirdComponent.m */,
				85D852E1D2575CD7B4FC77D5 /* SomeThirdComponent.h */,
			);
			name = "Supporting Files";
			sourceTree = "<group>";
		};
		602664E768FEEDC2D56CAB10 /* Frameworks */ = {
			isa = PBXGroup;
			children = (
				602660DC88A48822B365AACC /* Foundation.framework */,
				60266F46E3E5F3490E945A5A /* SenTestingKit.framework */,
				602669907842FE97CDAA2AE2 /* UIKit.framework */,
				38591DBF038641D3B9A8355C /* libPods-EntitasTests.a */,
			);
			name = Frameworks;
			sourceTree = "<group>";
		};
		602665C5173395FA7CD722A3 = {
			isa = PBXGroup;
			children = (
				60266717783CF9D1C5C5A0B7 /* Products */,
				602664E768FEEDC2D56CAB10 /* Frameworks */,
				6026666E47DBABE966BFA356 /* Entitas */,
				60266F03DE2498A9F33DCCCB /* EntitasTests */,
				7232792ED17C4E54A8F0B196 /* Pods-EntitasTests.xcconfig */,
			);
			sourceTree = "<group>";
		};
		6026666E47DBABE966BFA356 /* Entitas */ = {
			isa = PBXGroup;
			children = (
				60266C1505B91C3FEAE6E40C /* Supporting Files */,
				60266272CF6FA2C8D1078D5C /* ESSystems.m */,
				60266A29483978C38551FE07 /* ESSystems.h */,
				6026633037CC88FB18D8F589 /* ESSystem.h */,
				6026612B451F8481D098CDEF /* ESEntity.m */,
				60266CFEC85DBE0652DEC43D /* ESEntity.h */,
				602665223559809BE1026D0A /* ESComponent.h */,
				B06B05414306C58E1034B764 /* ESEntities.m */,
				B06B003BC9B7BF20962E1E90 /* ESEntities.h */,
				B06B053196DBFCB05D945CB5 /* ESCollection.m */,
				B06B03C052A655C348D441D2 /* ESCollection.h */,
				B06B01CFFB3DF4BEB4F63E87 /* ESChangedEntity.m */,
				B06B080ECACACA0ECA776E96 /* ESChangedEntity.h */,
				B06B0C9A4A7625D5048FC3A4 /* ESCollectionHistory.m */,
				B06B0B399D530A680C8114A2 /* ESCollectionHistory.h */,
			);
			path = Entitas;
			sourceTree = "<group>";
		};
		60266717783CF9D1C5C5A0B7 /* Products */ = {
			isa = PBXGroup;
			children = (
				6026678E2FE43938233FC26B /* libEntitas.a */,
				60266A672BFD024861B3540E /* EntitasTests.octest */,
			);
			name = Products;
			sourceTree = "<group>";
		};
		60266C1505B91C3FEAE6E40C /* Supporting Files */ = {
			isa = PBXGroup;
			children = (
				602666AFD5B81735B7375037 /* Entitas-Prefix.pch */,
			);
			name = "Supporting Files";
			sourceTree = "<group>";
		};
		60266F03DE2498A9F33DCCCB /* EntitasTests */ = {
			isa = PBXGroup;
			children = (
				60266352126736875957001E /* Supporting Files */,
				60266EB8B37D32F3A1F8FB8D /* ESSystemsSpec.m */,
				602665E109AC8CE9FE47191E /* ESEntitySpec.m */,
				B06B09526BD11CEC08FBFC6A /* ESEntitiesSpec.m */,
				B06B064A2A6B69E7224A2B2E /* ESCollectionSpec.m */,
				B06B0C2E82BE7C568D784D50 /* ESChangedEntitySpec.m */,
				B06B0BEE6CE61D753F35A876 /* Matchers */,
				B06B029DD99D7B62F5413BF6 /* ESCollectionHistorySpec.m */,
			);
			path = EntitasTests;
			sourceTree = "<group>";
		};
		B06B0BEE6CE61D753F35A876 /* Matchers */ = {
			isa = PBXGroup;
			children = (
				B06B0E92E5F80B6330526B3D /* NSNotificationMatcher.h */,
				B06B000845879007114E2DBC /* NSNotificationMatcher.m */,
			);
			path = Matchers;
			sourceTree = "<group>";
		};
/* End PBXGroup section */

/* Begin PBXNativeTarget section */
		60266B47E3EDE618047A2DEE /* EntitasTests */ = {
			isa = PBXNativeTarget;
			buildConfigurationList = 60266D15872B90FB2AEA853D /* Build configuration list for PBXNativeTarget "EntitasTests" */;
			buildPhases = (
				602660E1EE3B406AC02E068A /* Sources */,
				6026623FA0C60DAFFD489D40 /* Frameworks */,
				6026693C09A37AB7B27D15BA /* Resources */,
				60266344076B1AABD47C0F1F /* ShellScript */,
				B55EB1F34B9E4C83A6FC45CF /* Copy Pods Resources */,
			);
			buildRules = (
			);
			dependencies = (
				602665945208E2D3104D9B92 /* PBXTargetDependency */,
			);
			name = EntitasTests;
			productName = EntitasTests;
			productReference = 60266A672BFD024861B3540E /* EntitasTests.octest */;
			productType = "com.apple.product-type.bundle";
		};
		60266BF5427EFD908271F542 /* Entitas */ = {
			isa = PBXNativeTarget;
			buildConfigurationList = 602663027983CFEE3651B99A /* Build configuration list for PBXNativeTarget "Entitas" */;
			buildPhases = (
				6026672A93570D103EB343B4 /* Sources */,
				602669F9871A180677F5AC83 /* Frameworks */,
				602662CFC6743E5974FD40E6 /* CopyFiles */,
			);
			buildRules = (
			);
			dependencies = (
			);
			name = Entitas;
			productName = Entitas;
			productReference = 6026678E2FE43938233FC26B /* libEntitas.a */;
			productType = "com.apple.product-type.library.static";
		};
/* End PBXNativeTarget section */

/* Begin PBXProject section */
		60266BC062836EDDB6AA1D5B /* Project object */ = {
			isa = PBXProject;
			buildConfigurationList = 6026684F53BD9813D39A98CE /* Build configuration list for PBXProject "Entitas" */;
			compatibilityVersion = "Xcode 3.2";
			developmentRegion = English;
			hasScannedForEncodings = 0;
			knownRegions = (
				en,
			);
			mainGroup = 602665C5173395FA7CD722A3;
			productRefGroup = 60266717783CF9D1C5C5A0B7 /* Products */;
			projectDirPath = "";
			projectRoot = "";
			targets = (
				60266BF5427EFD908271F542 /* Entitas */,
				60266B47E3EDE618047A2DEE /* EntitasTests */,
			);
		};
/* End PBXProject section */

/* Begin PBXResourcesBuildPhase section */
		6026693C09A37AB7B27D15BA /* Resources */ = {
			isa = PBXResourcesBuildPhase;
			buildActionMask = 2147483647;
			files = (
				60266FA3AC278C9A8E342CD2 /* InfoPlist.strings in Resources */,
			);
			runOnlyForDeploymentPostprocessing = 0;
		};
/* End PBXResourcesBuildPhase section */

/* Begin PBXShellScriptBuildPhase section */
		60266344076B1AABD47C0F1F /* ShellScript */ = {
			isa = PBXShellScriptBuildPhase;
			buildActionMask = 2147483647;
			files = (
			);
			inputPaths = (
			);
			outputPaths = (
			);
			runOnlyForDeploymentPostprocessing = 0;
			shellPath = /bin/sh;
			shellScript = "# Run the unit tests in this test bundle.\n\"${SYSTEM_DEVELOPER_DIR}/Tools/RunUnitTests\"\n";
		};
		B55EB1F34B9E4C83A6FC45CF /* Copy Pods Resources */ = {
			isa = PBXShellScriptBuildPhase;
			buildActionMask = 2147483647;
			files = (
			);
			inputPaths = (
			);
			name = "Copy Pods Resources";
			outputPaths = (
			);
			runOnlyForDeploymentPostprocessing = 0;
			shellPath = /bin/sh;
			shellScript = "\"${SRCROOT}/Pods/Pods-EntitasTests-resources.sh\"\n";
		};
/* End PBXShellScriptBuildPhase section */

/* Begin PBXSourcesBuildPhase section */
		602660E1EE3B406AC02E068A /* Sources */ = {
			isa = PBXSourcesBuildPhase;
			buildActionMask = 2147483647;
			files = (
				60266BCAC77A44E44C3FF2D3 /* ESSystemsSpec.m in Sources */,
				602663E20AC390008AA94EEA /* ESSystems.m in Sources */,
				6026611BF7005CBCCBA49909 /* ESEntitySpec.m in Sources */,
				6026640BA8B2DCB7AE73B564 /* ESEntity.m in Sources */,
				60266AB8EB19D41EE6CD5227 /* SomeComponent.m in Sources */,
				B06B0D3D28ADB7081DACD905 /* ESEntities.m in Sources */,
				B06B05511ECA4929A43C60FD /* ESEntitiesSpec.m in Sources */,
				B06B0433B7A950AA7E9EB93E /* SomeOtherComponent.m in Sources */,
				B06B088EEB6026FDC8FC91BB /* ESCollectionSpec.m in Sources */,
				B06B0548E606537B6E9332AE /* ESCollection.m in Sources */,
				B06B094464B7F84EA4571C8C /* ESChangedEntitySpec.m in Sources */,
				B06B06CD147780CB059993A0 /* ESChangedEntity.m in Sources */,
				B06B026185A32A74264CC44B /* NSNotificationMatcher.m in Sources */,
				B06B0140FFD2853D8BF55BBA /* ESCollectionHistorySpec.m in Sources */,
				B06B0D3671CB81ABCAED6211 /* ESCollectionHistory.m in Sources */,
				85D8512AC523E79FFD7A2531 /* SomeThirdComponent.m in Sources */,
			);
			runOnlyForDeploymentPostprocessing = 0;
		};
		6026672A93570D103EB343B4 /* Sources */ = {
			isa = PBXSourcesBuildPhase;
			buildActionMask = 2147483647;
			files = (
				6026653A34B510A930E2B69F /* ESSystems.m in Sources */,
				602668A6EA959904A86C5848 /* ESEntity.m in Sources */,
				B06B01DF7F0AA1AD1AE763E8 /* ESEntities.m in Sources */,
				B06B091F1F944550AD2CF038 /* ESCollection.m in Sources */,
				B06B0DBE30F4B10526FFEE60 /* ESChangedEntity.m in Sources */,
				B06B0AC3DA2841842B1C0BFB /* ESCollectionHistory.m in Sources */,
			);
			runOnlyForDeploymentPostprocessing = 0;
		};
/* End PBXSourcesBuildPhase section */

/* Begin PBXTargetDependency section */
		602665945208E2D3104D9B92 /* PBXTargetDependency */ = {
			isa = PBXTargetDependency;
			target = 60266BF5427EFD908271F542 /* Entitas */;
			targetProxy = 602663160ECB5AAD875EF737 /* PBXContainerItemProxy */;
		};
/* End PBXTargetDependency section */

/* Begin PBXVariantGroup section */
		602666B1B326B33430D2AB89 /* InfoPlist.strings */ = {
			isa = PBXVariantGroup;
			children = (
				60266DB5B510EE20C17FA196 /* en */,
			);
			name = InfoPlist.strings;
			sourceTree = "<group>";
		};
/* End PBXVariantGroup section */

/* Begin XCBuildConfiguration section */
		6026615B170E03CDEB62B440 /* Debug */ = {
			isa = XCBuildConfiguration;
			buildSettings = {
				DSTROOT = /tmp/Entitas.dst;
				GCC_PRECOMPILE_PREFIX_HEADER = YES;
				GCC_PREFIX_HEADER = "Entitas/Entitas-Prefix.pch";
				OTHER_LDFLAGS = "-ObjC";
				PRODUCT_NAME = "$(TARGET_NAME)";
				SKIP_INSTALL = YES;
			};
			name = Debug;
		};
		602664A7D0C65E78BAF6AD44 /* Release */ = {
			isa = XCBuildConfiguration;
			buildSettings = {
				ALWAYS_SEARCH_USER_PATHS = NO;
				CLANG_CXX_LANGUAGE_STANDARD = "gnu++0x";
				CLANG_CXX_LIBRARY = "libc++";
				CLANG_ENABLE_OBJC_ARC = YES;
				CLANG_WARN_EMPTY_BODY = YES;
				CLANG_WARN__DUPLICATE_METHOD_MATCH = YES;
				COPY_PHASE_STRIP = YES;
				GCC_C_LANGUAGE_STANDARD = gnu99;
				GCC_WARN_ABOUT_RETURN_TYPE = YES;
				GCC_WARN_UNINITIALIZED_AUTOS = YES;
				GCC_WARN_UNUSED_VARIABLE = YES;
				IPHONEOS_DEPLOYMENT_TARGET = 6.0;
				SDKROOT = iphoneos;
				VALIDATE_PRODUCT = YES;
			};
			name = Release;
		};
		602664C93579D58EEFA670E3 /* Debug */ = {
			isa = XCBuildConfiguration;
			baseConfigurationReference = 7232792ED17C4E54A8F0B196 /* Pods-EntitasTests.xcconfig */;
			buildSettings = {
				FRAMEWORK_SEARCH_PATHS = (
					"\"$(SDKROOT)/Developer/Library/Frameworks\"",
					"\"$(DEVELOPER_LIBRARY_DIR)/Frameworks\"",
				);
				GCC_PRECOMPILE_PREFIX_HEADER = YES;
				GCC_PREFIX_HEADER = "Entitas/Entitas-Prefix.pch";
				INFOPLIST_FILE = "EntitasTests/EntitasTests-Info.plist";
				PRODUCT_NAME = "$(TARGET_NAME)";
				WRAPPER_EXTENSION = octest;
			};
			name = Debug;
		};
		60266B08B1C2759FFDAB34AB /* Debug */ = {
			isa = XCBuildConfiguration;
			buildSettings = {
				ALWAYS_SEARCH_USER_PATHS = NO;
				CLANG_CXX_LANGUAGE_STANDARD = "gnu++0x";
				CLANG_CXX_LIBRARY = "libc++";
				CLANG_ENABLE_OBJC_ARC = YES;
				CLANG_WARN_EMPTY_BODY = YES;
				CLANG_WARN__DUPLICATE_METHOD_MATCH = YES;
				COPY_PHASE_STRIP = NO;
				GCC_C_LANGUAGE_STANDARD = gnu99;
				GCC_DYNAMIC_NO_PIC = NO;
				GCC_OPTIMIZATION_LEVEL = 0;
				GCC_PREPROCESSOR_DEFINITIONS = (
					"DEBUG=1",
					"$(inherited)",
				);
				GCC_SYMBOLS_PRIVATE_EXTERN = NO;
				GCC_WARN_ABOUT_RETURN_TYPE = YES;
				GCC_WARN_UNINITIALIZED_AUTOS = YES;
				GCC_WARN_UNUSED_VARIABLE = YES;
				IPHONEOS_DEPLOYMENT_TARGET = 6.0;
				ONLY_ACTIVE_ARCH = YES;
				SDKROOT = iphoneos;
			};
			name = Debug;
		};
		60266D08E7F4F0CA64761A40 /* Release */ = {
			isa = XCBuildConfiguration;
			baseConfigurationReference = 7232792ED17C4E54A8F0B196 /* Pods-EntitasTests.xcconfig */;
			buildSettings = {
				FRAMEWORK_SEARCH_PATHS = (
					"\"$(SDKROOT)/Developer/Library/Frameworks\"",
					"\"$(DEVELOPER_LIBRARY_DIR)/Frameworks\"",
				);
				GCC_PRECOMPILE_PREFIX_HEADER = YES;
				GCC_PREFIX_HEADER = "Entitas/Entitas-Prefix.pch";
				INFOPLIST_FILE = "EntitasTests/EntitasTests-Info.plist";
				PRODUCT_NAME = "$(TARGET_NAME)";
				WRAPPER_EXTENSION = octest;
			};
			name = Release;
		};
		60266DC552A78DC2A69DC4E2 /* Release */ = {
			isa = XCBuildConfiguration;
			buildSettings = {
				DSTROOT = /tmp/Entitas.dst;
				GCC_PRECOMPILE_PREFIX_HEADER = YES;
				GCC_PREFIX_HEADER = "Entitas/Entitas-Prefix.pch";
				OTHER_LDFLAGS = "-ObjC";
				PRODUCT_NAME = "$(TARGET_NAME)";
				SKIP_INSTALL = YES;
			};
			name = Release;
		};
/* End XCBuildConfiguration section */

/* Begin XCConfigurationList section */
		602663027983CFEE3651B99A /* Build configuration list for PBXNativeTarget "Entitas" */ = {
			isa = XCConfigurationList;
			buildConfigurations = (
				60266DC552A78DC2A69DC4E2 /* Release */,
				6026615B170E03CDEB62B440 /* Debug */,
			);
			defaultConfigurationIsVisible = 0;
		};
		6026684F53BD9813D39A98CE /* Build configuration list for PBXProject "Entitas" */ = {
			isa = XCConfigurationList;
			buildConfigurations = (
				602664A7D0C65E78BAF6AD44 /* Release */,
				60266B08B1C2759FFDAB34AB /* Debug */,
			);
			defaultConfigurationIsVisible = 0;
			defaultConfigurationName = Release;
		};
		60266D15872B90FB2AEA853D /* Build configuration list for PBXNativeTarget "EntitasTests" */ = {
			isa = XCConfigurationList;
			buildConfigurations = (
				60266D08E7F4F0CA64761A40 /* Release */,
				602664C93579D58EEFA670E3 /* Debug */,
			);
			defaultConfigurationIsVisible = 0;
		};
/* End XCConfigurationList section */
	};
	rootObject = 60266BC062836EDDB6AA1D5B /* Project object */;
}
